// !$*UTF8*$!
{
	archiveVersion = 1;
	classes = {
	};
	objectVersion = 50;
	objects = {

/* Begin PBXBuildFile section */
		762179CB2122B75000321929 /* AppDelegate.swift in Sources */ = {isa = PBXBuildFile; fileRef = 762179CA2122B75000321929 /* AppDelegate.swift */; };
		762179D22122B75100321929 /* Assets.xcassets in Resources */ = {isa = PBXBuildFile; fileRef = 762179D12122B75100321929 /* Assets.xcassets */; };
		762179D52122B75100321929 /* LaunchScreen.storyboard in Resources */ = {isa = PBXBuildFile; fileRef = 762179D32122B75100321929 /* LaunchScreen.storyboard */; };
		762E25FD2122B8CF0077F8DD /* EEGlobalConfig.swift in Sources */ = {isa = PBXBuildFile; fileRef = 762E25FC2122B8CF0077F8DD /* EEGlobalConfig.swift */; };
		762E26022122B9AB0077F8DD /* EENavgationVC.swift in Sources */ = {isa = PBXBuildFile; fileRef = 762E25FF2122B9AB0077F8DD /* EENavgationVC.swift */; };
		762E26032122B9AB0077F8DD /* EEBaseVC.swift in Sources */ = {isa = PBXBuildFile; fileRef = 762E26002122B9AB0077F8DD /* EEBaseVC.swift */; };
		762E26042122B9AB0077F8DD /* EENavBar.swift in Sources */ = {isa = PBXBuildFile; fileRef = 762E26012122B9AB0077F8DD /* EENavBar.swift */; };
		762E26062122BA0A0077F8DD /* EEMainVC.swift in Sources */ = {isa = PBXBuildFile; fileRef = 762E26052122BA0A0077F8DD /* EEMainVC.swift */; };
		762E26112122BECC0077F8DD /* UIView+EEShot.swift in Sources */ = {isa = PBXBuildFile; fileRef = 762E260D2122BECB0077F8DD /* UIView+EEShot.swift */; };
		762E26122122BECC0077F8DD /* UIImage+EEGManage.swift in Sources */ = {isa = PBXBuildFile; fileRef = 762E260E2122BECC0077F8DD /* UIImage+EEGManage.swift */; };
		762E26132122BECC0077F8DD /* UIScrollView+EEShot.swift in Sources */ = {isa = PBXBuildFile; fileRef = 762E260F2122BECC0077F8DD /* UIScrollView+EEShot.swift */; };
		762E26142122BECC0077F8DD /* WKWebView+EEShot.swift in Sources */ = {isa = PBXBuildFile; fileRef = 762E26102122BECC0077F8DD /* WKWebView+EEShot.swift */; };
		762E26162122BF210077F8DD /* EEWebView.swift in Sources */ = {isa = PBXBuildFile; fileRef = 762E26152122BF210077F8DD /* EEWebView.swift */; };
		762E26182122D5DA0077F8DD /* EEMainVC.xib in Resources */ = {isa = PBXBuildFile; fileRef = 762E26172122D5DA0077F8DD /* EEMainVC.xib */; };
		762E261C2122D9F40077F8DD /* EESoreImageView.swift in Sources */ = {isa = PBXBuildFile; fileRef = 762E261B2122D9F40077F8DD /* EESoreImageView.swift */; };
		762E26222122F9B10077F8DD /* EEWrongAlert.swift in Sources */ = {isa = PBXBuildFile; fileRef = 762E26212122F9B10077F8DD /* EEWrongAlert.swift */; };
		762E26252122FCEC0077F8DD /* EETintageVC.swift in Sources */ = {isa = PBXBuildFile; fileRef = 762E26242122FCEC0077F8DD /* EETintageVC.swift */; };
		762E26272123069A0077F8DD /* WebKit.framework in Frameworks */ = {isa = PBXBuildFile; fileRef = 762E26262123069A0077F8DD /* WebKit.framework */; };
		762E262B2123087A0077F8DD /* EEImageBroweView.swift in Sources */ = {isa = PBXBuildFile; fileRef = 762E262A2123087A0077F8DD /* EEImageBroweView.swift */; };
		76F0DB772123D49B00455BC3 /* EEShareAlertView.swift in Sources */ = {isa = PBXBuildFile; fileRef = 76F0DB762123D49B00455BC3 /* EEShareAlertView.swift */; };
		76F0DB792123D4DB00455BC3 /* EEShareAlertView.xib in Resources */ = {isa = PBXBuildFile; fileRef = 76F0DB782123D4DB00455BC3 /* EEShareAlertView.xib */; };
		76F0DB7F2124103200455BC3 /* EEAboutUsVC.swift in Sources */ = {isa = PBXBuildFile; fileRef = 76F0DB7D2124103200455BC3 /* EEAboutUsVC.swift */; };
		76F0DB802124103200455BC3 /* EEAboutUsVC.xib in Resources */ = {isa = PBXBuildFile; fileRef = 76F0DB7E2124103200455BC3 /* EEAboutUsVC.xib */; };
		82FFC7AB802271BC9F57294A /* Pods_EShare.framework in Frameworks */ = {isa = PBXBuildFile; fileRef = 6E556B4E67C42376711B4B73 /* Pods_EShare.framework */; };
/* End PBXBuildFile section */

/* Begin PBXFileReference section */
		6E556B4E67C42376711B4B73 /* Pods_EShare.framework */ = {isa = PBXFileReference; explicitFileType = wrapper.framework; includeInIndex = 0; path = Pods_EShare.framework; sourceTree = BUILT_PRODUCTS_DIR; };
		762179C72122B75000321929 /* EShare.app */ = {isa = PBXFileReference; explicitFileType = wrapper.application; includeInIndex = 0; path = EShare.app; sourceTree = BUILT_PRODUCTS_DIR; };
		762179CA2122B75000321929 /* AppDelegate.swift */ = {isa = PBXFileReference; lastKnownFileType = sourcecode.swift; path = AppDelegate.swift; sourceTree = "<group>"; };
		762179D12122B75100321929 /* Assets.xcassets */ = {isa = PBXFileReference; lastKnownFileType = folder.assetcatalog; path = Assets.xcassets; sourceTree = "<group>"; };
		762179D42122B75100321929 /* Base */ = {isa = PBXFileReference; lastKnownFileType = file.storyboard; name = Base; path = Base.lproj/LaunchScreen.storyboard; sourceTree = "<group>"; };
		762179D62122B75100321929 /* Info.plist */ = {isa = PBXFileReference; lastKnownFileType = text.plist.xml; path = Info.plist; sourceTree = "<group>"; };
		762E25FC2122B8CF0077F8DD /* EEGlobalConfig.swift */ = {isa = PBXFileReference; fileEncoding = 4; lastKnownFileType = sourcecode.swift; path = EEGlobalConfig.swift; sourceTree = "<group>"; };
		762E25FF2122B9AB0077F8DD /* EENavgationVC.swift */ = {isa = PBXFileReference; fileEncoding = 4; lastKnownFileType = sourcecode.swift; path = EENavgationVC.swift; sourceTree = "<group>"; };
		762E26002122B9AB0077F8DD /* EEBaseVC.swift */ = {isa = PBXFileReference; fileEncoding = 4; lastKnownFileType = sourcecode.swift; path = EEBaseVC.swift; sourceTree = "<group>"; };
		762E26012122B9AB0077F8DD /* EENavBar.swift */ = {isa = PBXFileReference; fileEncoding = 4; lastKnownFileType = sourcecode.swift; path = EENavBar.swift; sourceTree = "<group>"; };
		762E26052122BA0A0077F8DD /* EEMainVC.swift */ = {isa = PBXFileReference; lastKnownFileType = sourcecode.swift; path = EEMainVC.swift; sourceTree = "<group>"; };
		762E260D2122BECB0077F8DD /* UIView+EEShot.swift */ = {isa = PBXFileReference; fileEncoding = 4; lastKnownFileType = sourcecode.swift; path = "UIView+EEShot.swift"; sourceTree = "<group>"; };
		762E260E2122BECC0077F8DD /* UIImage+EEGManage.swift */ = {isa = PBXFileReference; fileEncoding = 4; lastKnownFileType = sourcecode.swift; path = "UIImage+EEGManage.swift"; sourceTree = "<group>"; };
		762E260F2122BECC0077F8DD /* UIScrollView+EEShot.swift */ = {isa = PBXFileReference; fileEncoding = 4; lastKnownFileType = sourcecode.swift; path = "UIScrollView+EEShot.swift"; sourceTree = "<group>"; };
		762E26102122BECC0077F8DD /* WKWebView+EEShot.swift */ = {isa = PBXFileReference; fileEncoding = 4; lastKnownFileType = sourcecode.swift; path = "WKWebView+EEShot.swift"; sourceTree = "<group>"; };
		762E26152122BF210077F8DD /* EEWebView.swift */ = {isa = PBXFileReference; fileEncoding = 4; lastKnownFileType = sourcecode.swift; path = EEWebView.swift; sourceTree = "<group>"; };
		762E26172122D5DA0077F8DD /* EEMainVC.xib */ = {isa = PBXFileReference; lastKnownFileType = file.xib; path = EEMainVC.xib; sourceTree = "<group>"; };
		762E261B2122D9F40077F8DD /* EESoreImageView.swift */ = {isa = PBXFileReference; lastKnownFileType = sourcecode.swift; path = EESoreImageView.swift; sourceTree = "<group>"; };
		762E26212122F9B10077F8DD /* EEWrongAlert.swift */ = {isa = PBXFileReference; fileEncoding = 4; lastKnownFileType = sourcecode.swift; path = EEWrongAlert.swift; sourceTree = "<group>"; };
		762E26242122FCEC0077F8DD /* EETintageVC.swift */ = {isa = PBXFileReference; lastKnownFileType = sourcecode.swift; path = EETintageVC.swift; sourceTree = "<group>"; };
		762E26262123069A0077F8DD /* WebKit.framework */ = {isa = PBXFileReference; lastKnownFileType = wrapper.framework; name = WebKit.framework; path = System/Library/Frameworks/WebKit.framework; sourceTree = SDKROOT; };
		762E262A2123087A0077F8DD /* EEImageBroweView.swift */ = {isa = PBXFileReference; lastKnownFileType = sourcecode.swift; path = EEImageBroweView.swift; sourceTree = "<group>"; };
		76F0D0AB2123B71D00455BC3 /* EEBridgeHeader.h */ = {isa = PBXFileReference; fileEncoding = 4; lastKnownFileType = sourcecode.c.h; path = EEBridgeHeader.h; sourceTree = "<group>"; };
		76F0DB762123D49B00455BC3 /* EEShareAlertView.swift */ = {isa = PBXFileReference; lastKnownFileType = sourcecode.swift; path = EEShareAlertView.swift; sourceTree = "<group>"; };
		76F0DB782123D4DB00455BC3 /* EEShareAlertView.xib */ = {isa = PBXFileReference; lastKnownFileType = file.xib; path = EEShareAlertView.xib; sourceTree = "<group>"; };
		76F0DB7D2124103200455BC3 /* EEAboutUsVC.swift */ = {isa = PBXFileReference; lastKnownFileType = sourcecode.swift; path = EEAboutUsVC.swift; sourceTree = "<group>"; };
		76F0DB7E2124103200455BC3 /* EEAboutUsVC.xib */ = {isa = PBXFileReference; lastKnownFileType = file.xib; path = EEAboutUsVC.xib; sourceTree = "<group>"; };
		BCF228D100E67EC1E7B4C5A6 /* Pods-EShare.release.xcconfig */ = {isa = PBXFileReference; includeInIndex = 1; lastKnownFileType = text.xcconfig; name = "Pods-EShare.release.xcconfig"; path = "Pods/Target Support Files/Pods-EShare/Pods-EShare.release.xcconfig"; sourceTree = "<group>"; };
		BF225807CCA384C75C3DE2C7 /* Pods-EShare.debug.xcconfig */ = {isa = PBXFileReference; includeInIndex = 1; lastKnownFileType = text.xcconfig; name = "Pods-EShare.debug.xcconfig"; path = "Pods/Target Support Files/Pods-EShare/Pods-EShare.debug.xcconfig"; sourceTree = "<group>"; };
/* End PBXFileReference section */

/* Begin PBXFrameworksBuildPhase section */
		762179C42122B75000321929 /* Frameworks */ = {
			isa = PBXFrameworksBuildPhase;
			buildActionMask = 2147483647;
			files = (
				762E26272123069A0077F8DD /* WebKit.framework in Frameworks */,
				82FFC7AB802271BC9F57294A /* Pods_EShare.framework in Frameworks */,
			);
			runOnlyForDeploymentPostprocessing = 0;
		};
/* End PBXFrameworksBuildPhase section */

/* Begin PBXGroup section */
		0112B81A00F01F713C09D535 /* Pods */ = {
			isa = PBXGroup;
			children = (
				BF225807CCA384C75C3DE2C7 /* Pods-EShare.debug.xcconfig */,
				BCF228D100E67EC1E7B4C5A6 /* Pods-EShare.release.xcconfig */,
			);
			name = Pods;
			sourceTree = "<group>";
		};
		54087FC0E2AACF1410CF7644 /* Frameworks */ = {
			isa = PBXGroup;
			children = (
				762E26262123069A0077F8DD /* WebKit.framework */,
				6E556B4E67C42376711B4B73 /* Pods_EShare.framework */,
			);
			name = Frameworks;
			sourceTree = "<group>";
		};
		762179BE2122B75000321929 = {
			isa = PBXGroup;
			children = (
				762179C92122B75000321929 /* EShare */,
				762179C82122B75000321929 /* Products */,
				0112B81A00F01F713C09D535 /* Pods */,
				54087FC0E2AACF1410CF7644 /* Frameworks */,
			);
			sourceTree = "<group>";
		};
		762179C82122B75000321929 /* Products */ = {
			isa = PBXGroup;
			children = (
				762179C72122B75000321929 /* EShare.app */,
			);
			name = Products;
			sourceTree = "<group>";
		};
		762179C92122B75000321929 /* EShare */ = {
			isa = PBXGroup;
			children = (
				762E260A2122BE810077F8DD /* AppDelegate */,
				762E26092122BE7F0077F8DD /* Config */,
				762E26082122BE7C0077F8DD /* VC */,
				762E26072122BE730077F8DD /* Tools */,
				762179D12122B75100321929 /* Assets.xcassets */,
				762179D32122B75100321929 /* LaunchScreen.storyboard */,
				762179D62122B75100321929 /* Info.plist */,
			);
			path = EShare;
			sourceTree = "<group>";
		};
		762E25FE2122B9990077F8DD /* BaseClass */ = {
			isa = PBXGroup;
			children = (
				762E26002122B9AB0077F8DD /* EEBaseVC.swift */,
				762E26012122B9AB0077F8DD /* EENavBar.swift */,
				762E25FF2122B9AB0077F8DD /* EENavgationVC.swift */,
			);
			path = BaseClass;
			sourceTree = "<group>";
		};
		762E26072122BE730077F8DD /* Tools */ = {
			isa = PBXGroup;
			children = (
				762E26212122F9B10077F8DD /* EEWrongAlert.swift */,
				762E260C2122BEC30077F8DD /* DDGScreenShot */,
			);
			path = Tools;
			sourceTree = "<group>";
		};
		762E26082122BE7C0077F8DD /* VC */ = {
			isa = PBXGroup;
			children = (
				762E25FE2122B9990077F8DD /* BaseClass */,
				762E260B2122BEAD0077F8DD /* Home */,
				762E261F2122DA0E0077F8DD /* WebView */,
				76F0DB7A21240F3800455BC3 /* 关于 */,
				762E26232122FC260077F8DD /* 处理图片 */,
			);
			path = VC;
			sourceTree = "<group>";
		};
		762E26092122BE7F0077F8DD /* Config */ = {
			isa = PBXGroup;
			children = (
				762E25FC2122B8CF0077F8DD /* EEGlobalConfig.swift */,
				76F0D0AB2123B71D00455BC3 /* EEBridgeHeader.h */,
			);
			path = Config;
			sourceTree = "<group>";
		};
		762E260A2122BE810077F8DD /* AppDelegate */ = {
			isa = PBXGroup;
			children = (
				762179CA2122B75000321929 /* AppDelegate.swift */,
			);
			path = AppDelegate;
			sourceTree = "<group>";
		};
		762E260B2122BEAD0077F8DD /* Home */ = {
			isa = PBXGroup;
			children = (
				762E26052122BA0A0077F8DD /* EEMainVC.swift */,
				762E26172122D5DA0077F8DD /* EEMainVC.xib */,
			);
			path = Home;
			sourceTree = "<group>";
		};
		762E260C2122BEC30077F8DD /* DDGScreenShot */ = {
			isa = PBXGroup;
			children = (
				762E260E2122BECC0077F8DD /* UIImage+EEGManage.swift */,
				762E260F2122BECC0077F8DD /* UIScrollView+EEShot.swift */,
				762E260D2122BECB0077F8DD /* UIView+EEShot.swift */,
				762E26102122BECC0077F8DD /* WKWebView+EEShot.swift */,
			);
			path = DDGScreenShot;
			sourceTree = "<group>";
		};
		762E261F2122DA0E0077F8DD /* WebView */ = {
			isa = PBXGroup;
			children = (
				762E26202122DA350077F8DD /* View */,
				762E26152122BF210077F8DD /* EEWebView.swift */,
			);
			path = WebView;
			sourceTree = "<group>";
		};
		762E26202122DA350077F8DD /* View */ = {
			isa = PBXGroup;
			children = (
				762E261B2122D9F40077F8DD /* EESoreImageView.swift */,
			);
			path = View;
			sourceTree = "<group>";
		};
		762E26232122FC260077F8DD /* 处理图片 */ = {
			isa = PBXGroup;
			children = (
				76F0DB752123D47D00455BC3 /* View */,
				762E26242122FCEC0077F8DD /* EETintageVC.swift */,
			);
			path = "处理图片";
			sourceTree = "<group>";
		};
		76F0DB752123D47D00455BC3 /* View */ = {
			isa = PBXGroup;
			children = (
				762E262A2123087A0077F8DD /* EEImageBroweView.swift */,
				76F0DB762123D49B00455BC3 /* EEShareAlertView.swift */,
				76F0DB782123D4DB00455BC3 /* EEShareAlertView.xib */,
			);
			path = View;
			sourceTree = "<group>";
		};
		76F0DB7A21240F3800455BC3 /* 关于 */ = {
			isa = PBXGroup;
			children = (
				76F0DB7D2124103200455BC3 /* EEAboutUsVC.swift */,
				76F0DB7E2124103200455BC3 /* EEAboutUsVC.xib */,
			);
			path = "关于";
			sourceTree = "<group>";
		};
/* End PBXGroup section */

/* Begin PBXNativeTarget section */
		762179C62122B75000321929 /* EShare */ = {
			isa = PBXNativeTarget;
			buildConfigurationList = 762179D92122B75100321929 /* Build configuration list for PBXNativeTarget "EShare" */;
			buildPhases = (
				F02DE2F8D1EE4274F3E9C597 /* [CP] Check Pods Manifest.lock */,
				762179C32122B75000321929 /* Sources */,
				762179C42122B75000321929 /* Frameworks */,
				762179C52122B75000321929 /* Resources */,
				2EE0B0B9371FD574504D5715 /* [CP] Embed Pods Frameworks */,
				331E0EF816266317DE93A008 /* [CP] Copy Pods Resources */,
			);
			buildRules = (
			);
			dependencies = (
			);
			name = EShare;
			productName = EShare;
			productReference = 762179C72122B75000321929 /* EShare.app */;
			productType = "com.apple.product-type.application";
		};
/* End PBXNativeTarget section */

/* Begin PBXProject section */
		762179BF2122B75000321929 /* Project object */ = {
			isa = PBXProject;
			attributes = {
				LastSwiftUpdateCheck = 0940;
				LastUpgradeCheck = 0940;
				ORGANIZATIONNAME = "郑强飞";
				TargetAttributes = {
					762179C62122B75000321929 = {
						CreatedOnToolsVersion = 9.4;
					};
				};
			};
			buildConfigurationList = 762179C22122B75000321929 /* Build configuration list for PBXProject "EShare" */;
			compatibilityVersion = "Xcode 9.3";
			developmentRegion = en;
			hasScannedForEncodings = 0;
			knownRegions = (
				en,
				Base,
			);
			mainGroup = 762179BE2122B75000321929;
			productRefGroup = 762179C82122B75000321929 /* Products */;
			projectDirPath = "";
			projectRoot = "";
			targets = (
				762179C62122B75000321929 /* EShare */,
			);
		};
/* End PBXProject section */

/* Begin PBXResourcesBuildPhase section */
		762179C52122B75000321929 /* Resources */ = {
			isa = PBXResourcesBuildPhase;
			buildActionMask = 2147483647;
			files = (
				762179D52122B75100321929 /* LaunchScreen.storyboard in Resources */,
				76F0DB802124103200455BC3 /* EEAboutUsVC.xib in Resources */,
				76F0DB792123D4DB00455BC3 /* EEShareAlertView.xib in Resources */,
				762179D22122B75100321929 /* Assets.xcassets in Resources */,
				762E26182122D5DA0077F8DD /* EEMainVC.xib in Resources */,
			);
			runOnlyForDeploymentPostprocessing = 0;
		};
/* End PBXResourcesBuildPhase section */

/* Begin PBXShellScriptBuildPhase section */
		2EE0B0B9371FD574504D5715 /* [CP] Embed Pods Frameworks */ = {
			isa = PBXShellScriptBuildPhase;
			buildActionMask = 2147483647;
			files = (
			);
			inputPaths = (
				"${SRCROOT}/Pods/Target Support Files/Pods-EShare/Pods-EShare-frameworks.sh",
				"${BUILT_PRODUCTS_DIR}/BYToolModule/BYToolModule.framework",
				"${BUILT_PRODUCTS_DIR}/FFToolModule/FFToolModule.framework",
				"${BUILT_PRODUCTS_DIR}/LEEAlert/LEEAlert.framework",
				"${BUILT_PRODUCTS_DIR}/MBProgressHUD/MBProgressHUD.framework",
				"${BUILT_PRODUCTS_DIR}/SDAutoLayout/SDAutoLayout.framework",
				"${BUILT_PRODUCTS_DIR}/SDWebImage/SDWebImage.framework",
				"${BUILT_PRODUCTS_DIR}/TZImagePickerController/TZImagePickerController.framework",
			);
			name = "[CP] Embed Pods Frameworks";
			outputPaths = (
				"${TARGET_BUILD_DIR}/${FRAMEWORKS_FOLDER_PATH}/BYToolModule.framework",
				"${TARGET_BUILD_DIR}/${FRAMEWORKS_FOLDER_PATH}/FFToolModule.framework",
				"${TARGET_BUILD_DIR}/${FRAMEWORKS_FOLDER_PATH}/LEEAlert.framework",
				"${TARGET_BUILD_DIR}/${FRAMEWORKS_FOLDER_PATH}/MBProgressHUD.framework",
				"${TARGET_BUILD_DIR}/${FRAMEWORKS_FOLDER_PATH}/SDAutoLayout.framework",
				"${TARGET_BUILD_DIR}/${FRAMEWORKS_FOLDER_PATH}/SDWebImage.framework",
				"${TARGET_BUILD_DIR}/${FRAMEWORKS_FOLDER_PATH}/TZImagePickerController.framework",
			);
			runOnlyForDeploymentPostprocessing = 0;
			shellPath = /bin/sh;
			shellScript = "\"${SRCROOT}/Pods/Target Support Files/Pods-EShare/Pods-EShare-frameworks.sh\"\n";
			showEnvVarsInLog = 0;
		};
		331E0EF816266317DE93A008 /* [CP] Copy Pods Resources */ = {
			isa = PBXShellScriptBuildPhase;
			buildActionMask = 2147483647;
			files = (
			);
			inputPaths = (
				"${SRCROOT}/Pods/Target Support Files/Pods-EShare/Pods-EShare-resources.sh",
				"${PODS_ROOT}/Weibo_SDK/libWeiboSDK/WeiboSDK.bundle",
			);
			name = "[CP] Copy Pods Resources";
			outputPaths = (
				"${TARGET_BUILD_DIR}/${UNLOCALIZED_RESOURCES_FOLDER_PATH}/WeiboSDK.bundle",
			);
			runOnlyForDeploymentPostprocessing = 0;
			shellPath = /bin/sh;
			shellScript = "\"${SRCROOT}/Pods/Target Support Files/Pods-EShare/Pods-EShare-resources.sh\"\n";
			showEnvVarsInLog = 0;
		};
		F02DE2F8D1EE4274F3E9C597 /* [CP] Check Pods Manifest.lock */ = {
			isa = PBXShellScriptBuildPhase;
			buildActionMask = 2147483647;
			files = (
			);
			inputPaths = (
				"${PODS_PODFILE_DIR_PATH}/Podfile.lock",
				"${PODS_ROOT}/Manifest.lock",
			);
			name = "[CP] Check Pods Manifest.lock";
			outputPaths = (
				"$(DERIVED_FILE_DIR)/Pods-EShare-checkManifestLockResult.txt",
			);
			runOnlyForDeploymentPostprocessing = 0;
			shellPath = /bin/sh;
			shellScript = "diff \"${PODS_PODFILE_DIR_PATH}/Podfile.lock\" \"${PODS_ROOT}/Manifest.lock\" > /dev/null\nif [ $? != 0 ] ; then\n    # print error to STDERR\n    echo \"error: The sandbox is not in sync with the Podfile.lock. Run 'pod install' or update your CocoaPods installation.\" >&2\n    exit 1\nfi\n# This output is used by Xcode 'outputs' to avoid re-running this script phase.\necho \"SUCCESS\" > \"${SCRIPT_OUTPUT_FILE_0}\"\n";
			showEnvVarsInLog = 0;
		};
/* End PBXShellScriptBuildPhase section */

/* Begin PBXSourcesBuildPhase section */
		762179C32122B75000321929 /* Sources */ = {
			isa = PBXSourcesBuildPhase;
			buildActionMask = 2147483647;
			files = (
				762E26112122BECC0077F8DD /* UIView+EEShot.swift in Sources */,
				76F0DB772123D49B00455BC3 /* EEShareAlertView.swift in Sources */,
				762E261C2122D9F40077F8DD /* EESoreImageView.swift in Sources */,
				762E26162122BF210077F8DD /* EEWebView.swift in Sources */,
				76F0DB7F2124103200455BC3 /* EEAboutUsVC.swift in Sources */,
				762E26252122FCEC0077F8DD /* EETintageVC.swift in Sources */,
				762E26032122B9AB0077F8DD /* EEBaseVC.swift in Sources */,
				762179CB2122B75000321929 /* AppDelegate.swift in Sources */,
				762E26142122BECC0077F8DD /* WKWebView+EEShot.swift in Sources */,
				762E26062122BA0A0077F8DD /* EEMainVC.swift in Sources */,
				762E26132122BECC0077F8DD /* UIScrollView+EEShot.swift in Sources */,
				762E26022122B9AB0077F8DD /* EENavgationVC.swift in Sources */,
				762E25FD2122B8CF0077F8DD /* EEGlobalConfig.swift in Sources */,
				762E26122122BECC0077F8DD /* UIImage+EEGManage.swift in Sources */,
				762E26222122F9B10077F8DD /* EEWrongAlert.swift in Sources */,
				762E26042122B9AB0077F8DD /* EENavBar.swift in Sources */,
				762E262B2123087A0077F8DD /* EEImageBroweView.swift in Sources */,
			);
			runOnlyForDeploymentPostprocessing = 0;
		};
/* End PBXSourcesBuildPhase section */

/* Begin PBXVariantGroup section */
		762179D32122B75100321929 /* LaunchScreen.storyboard */ = {
			isa = PBXVariantGroup;
			children = (
				762179D42122B75100321929 /* Base */,
			);
			name = LaunchScreen.storyboard;
			sourceTree = "<group>";
		};
/* End PBXVariantGroup section */

/* Begin XCBuildConfiguration section */
		762179D72122B75100321929 /* Debug */ = {
			isa = XCBuildConfiguration;
			buildSettings = {
				ALWAYS_SEARCH_USER_PATHS = NO;
				CLANG_ANALYZER_NONNULL = YES;
				CLANG_ANALYZER_NUMBER_OBJECT_CONVERSION = YES_AGGRESSIVE;
				CLANG_CXX_LANGUAGE_STANDARD = "gnu++14";
				CLANG_CXX_LIBRARY = "libc++";
				CLANG_ENABLE_MODULES = YES;
				CLANG_ENABLE_OBJC_ARC = YES;
				CLANG_ENABLE_OBJC_WEAK = YES;
				CLANG_WARN_BLOCK_CAPTURE_AUTORELEASING = YES;
				CLANG_WARN_BOOL_CONVERSION = YES;
				CLANG_WARN_COMMA = YES;
				CLANG_WARN_CONSTANT_CONVERSION = YES;
				CLANG_WARN_DEPRECATED_OBJC_IMPLEMENTATIONS = YES;
				CLANG_WARN_DIRECT_OBJC_ISA_USAGE = YES_ERROR;
				CLANG_WARN_DOCUMENTATION_COMMENTS = YES;
				CLANG_WARN_EMPTY_BODY = YES;
				CLANG_WARN_ENUM_CONVERSION = YES;
				CLANG_WARN_INFINITE_RECURSION = YES;
				CLANG_WARN_INT_CONVERSION = YES;
				CLANG_WARN_NON_LITERAL_NULL_CONVERSION = YES;
				CLANG_WARN_OBJC_IMPLICIT_RETAIN_SELF = YES;
				CLANG_WARN_OBJC_LITERAL_CONVERSION = YES;
				CLANG_WARN_OBJC_ROOT_CLASS = YES_ERROR;
				CLANG_WARN_RANGE_LOOP_ANALYSIS = YES;
				CLANG_WARN_STRICT_PROTOTYPES = YES;
				CLANG_WARN_SUSPICIOUS_MOVE = YES;
				CLANG_WARN_UNGUARDED_AVAILABILITY = YES_AGGRESSIVE;
				CLANG_WARN_UNREACHABLE_CODE = YES;
				CLANG_WARN__DUPLICATE_METHOD_MATCH = YES;
				CODE_SIGN_IDENTITY = "iPhone Developer";
				COPY_PHASE_STRIP = NO;
				DEBUG_INFORMATION_FORMAT = dwarf;
				ENABLE_STRICT_OBJC_MSGSEND = YES;
				ENABLE_TESTABILITY = YES;
				GCC_C_LANGUAGE_STANDARD = gnu11;
				GCC_DYNAMIC_NO_PIC = NO;
				GCC_NO_COMMON_BLOCKS = YES;
				GCC_OPTIMIZATION_LEVEL = 0;
				GCC_PREPROCESSOR_DEFINITIONS = (
					"DEBUG=1",
					"$(inherited)",
				);
				GCC_WARN_64_TO_32_BIT_CONVERSION = YES;
				GCC_WARN_ABOUT_RETURN_TYPE = YES_ERROR;
				GCC_WARN_UNDECLARED_SELECTOR = YES;
				GCC_WARN_UNINITIALIZED_AUTOS = YES_AGGRESSIVE;
				GCC_WARN_UNUSED_FUNCTION = YES;
				GCC_WARN_UNUSED_VARIABLE = YES;
				IPHONEOS_DEPLOYMENT_TARGET = 9.0;
				MTL_ENABLE_DEBUG_INFO = YES;
				ONLY_ACTIVE_ARCH = YES;
				SDKROOT = iphoneos;
				SWIFT_ACTIVE_COMPILATION_CONDITIONS = DEBUG;
				SWIFT_OPTIMIZATION_LEVEL = "-Onone";
			};
			name = Debug;
		};
		762179D82122B75100321929 /* Release */ = {
			isa = XCBuildConfiguration;
			buildSettings = {
				ALWAYS_SEARCH_USER_PATHS = NO;
				CLANG_ANALYZER_NONNULL = YES;
				CLANG_ANALYZER_NUMBER_OBJECT_CONVERSION = YES_AGGRESSIVE;
				CLANG_CXX_LANGUAGE_STANDARD = "gnu++14";
				CLANG_CXX_LIBRARY = "libc++";
				CLANG_ENABLE_MODULES = YES;
				CLANG_ENABLE_OBJC_ARC = YES;
				CLANG_ENABLE_OBJC_WEAK = YES;
				CLANG_WARN_BLOCK_CAPTURE_AUTORELEASING = YES;
				CLANG_WARN_BOOL_CONVERSION = YES;
				CLANG_WARN_COMMA = YES;
				CLANG_WARN_CONSTANT_CONVERSION = YES;
				CLANG_WARN_DEPRECATED_OBJC_IMPLEMENTATIONS = YES;
				CLANG_WARN_DIRECT_OBJC_ISA_USAGE = YES_ERROR;
				CLANG_WARN_DOCUMENTATION_COMMENTS = YES;
				CLANG_WARN_EMPTY_BODY = YES;
				CLANG_WARN_ENUM_CONVERSION = YES;
				CLANG_WARN_INFINITE_RECURSION = YES;
				CLANG_WARN_INT_CONVERSION = YES;
				CLANG_WARN_NON_LITERAL_NULL_CONVERSION = YES;
				CLANG_WARN_OBJC_IMPLICIT_RETAIN_SELF = YES;
				CLANG_WARN_OBJC_LITERAL_CONVERSION = YES;
				CLANG_WARN_OBJC_ROOT_CLASS = YES_ERROR;
				CLANG_WARN_RANGE_LOOP_ANALYSIS = YES;
				CLANG_WARN_STRICT_PROTOTYPES = YES;
				CLANG_WARN_SUSPICIOUS_MOVE = YES;
				CLANG_WARN_UNGUARDED_AVAILABILITY = YES_AGGRESSIVE;
				CLANG_WARN_UNREACHABLE_CODE = YES;
				CLANG_WARN__DUPLICATE_METHOD_MATCH = YES;
				CODE_SIGN_IDENTITY = "iPhone Developer";
				COPY_PHASE_STRIP = NO;
				DEBUG_INFORMATION_FORMAT = "dwarf-with-dsym";
				ENABLE_NS_ASSERTIONS = NO;
				ENABLE_STRICT_OBJC_MSGSEND = YES;
				GCC_C_LANGUAGE_STANDARD = gnu11;
				GCC_NO_COMMON_BLOCKS = YES;
				GCC_WARN_64_TO_32_BIT_CONVERSION = YES;
				GCC_WARN_ABOUT_RETURN_TYPE = YES_ERROR;
				GCC_WARN_UNDECLARED_SELECTOR = YES;
				GCC_WARN_UNINITIALIZED_AUTOS = YES_AGGRESSIVE;
				GCC_WARN_UNUSED_FUNCTION = YES;
				GCC_WARN_UNUSED_VARIABLE = YES;
				IPHONEOS_DEPLOYMENT_TARGET = 9.0;
				MTL_ENABLE_DEBUG_INFO = NO;
				SDKROOT = iphoneos;
				SWIFT_COMPILATION_MODE = wholemodule;
				SWIFT_OPTIMIZATION_LEVEL = "-O";
				VALIDATE_PRODUCT = YES;
			};
			name = Release;
		};
		762179DA2122B75100321929 /* Debug */ = {
			isa = XCBuildConfiguration;
			baseConfigurationReference = BF225807CCA384C75C3DE2C7 /* Pods-EShare.debug.xcconfig */;
			buildSettings = {
				ASSETCATALOG_COMPILER_APPICON_NAME = AppIcon;
				CODE_SIGN_STYLE = Automatic;
				DEVELOPMENT_TEAM = YX42LJ752B;
				ENABLE_BITCODE = NO;
				INFOPLIST_FILE = EShare/Info.plist;
				IPHONEOS_DEPLOYMENT_TARGET = 9.0;
				LD_RUNPATH_SEARCH_PATHS = "$(inherited) @executable_path/Frameworks";
				LIBRARY_SEARCH_PATHS = (
					"$(inherited)",
					"$(PROJECT_DIR)/EShare/Tools/WeiChat",
				);
				PRODUCT_BUNDLE_IDENTIFIER = com.changtu.ufilter;
				PRODUCT_NAME = "$(TARGET_NAME)";
				SWIFT_OBJC_BRIDGING_HEADER = EShare/Config/EEBridgeHeader.h;
				SWIFT_VERSION = 4.0;
				TARGETED_DEVICE_FAMILY = 1;
			};
			name = Debug;
		};
		762179DB2122B75100321929 /* Release */ = {
			isa = XCBuildConfiguration;
			baseConfigurationReference = BCF228D100E67EC1E7B4C5A6 /* Pods-EShare.release.xcconfig */;
			buildSettings = {
				ASSETCATALOG_COMPILER_APPICON_NAME = AppIcon;
				CODE_SIGN_STYLE = Automatic;
				DEVELOPMENT_TEAM = YX42LJ752B;
				ENABLE_BITCODE = NO;
				INFOPLIST_FILE = EShare/Info.plist;
				IPHONEOS_DEPLOYMENT_TARGET = 9.0;
				LD_RUNPATH_SEARCH_PATHS = "$(inherited) @executable_path/Frameworks";
				LIBRARY_SEARCH_PATHS = (
					"$(inherited)",
					"$(PROJECT_DIR)/EShare/Tools/WeiChat",
				);
				PRODUCT_BUNDLE_IDENTIFIER = com.changtu.ufilter;
				PRODUCT_NAME = "$(TARGET_NAME)";
				SWIFT_OBJC_BRIDGING_HEADER = EShare/Config/EEBridgeHeader.h;
				SWIFT_VERSION = 4.0;
				TARGETED_DEVICE_FAMILY = 1;
			};
			name = Release;
		};
/* End XCBuildConfiguration section */

/* Begin XCConfigurationList section */
		762179C22122B75000321929 /* Build configuration list for PBXProject "EShare" */ = {
			isa = XCConfigurationList;
			buildConfigurations = (
				762179D72122B75100321929 /* Debug */,
				762179D82122B75100321929 /* Release */,
			);
			defaultConfigurationIsVisible = 0;
			defaultConfigurationName = Release;
		};
		762179D92122B75100321929 /* Build configuration list for PBXNativeTarget "EShare" */ = {
			isa = XCConfigurationList;
			buildConfigurations = (
				762179DA2122B75100321929 /* Debug */,
				762179DB2122B75100321929 /* Release */,
			);
			defaultConfigurationIsVisible = 0;
			defaultConfigurationName = Release;
		};
/* End XCConfigurationList section */
	};
	rootObject = 762179BF2122B75000321929 /* Project object */;
}
